// !$*UTF8*$!
{
	archiveVersion = 1;
	classes = {
	};
	objectVersion = 50;
	objects = {

/* Begin PBXBuildFile section */
		AF30F3E62208E79700CAE5DB /* AppDelegate.swift in Sources */ = {isa = PBXBuildFile; fileRef = AF30F3E52208E79700CAE5DB /* AppDelegate.swift */; };
		AF30F3EB2208E79700CAE5DB /* Main.storyboard in Resources */ = {isa = PBXBuildFile; fileRef = AF30F3E92208E79700CAE5DB /* Main.storyboard */; };
		AF30F3ED2208E79800CAE5DB /* Assets.xcassets in Resources */ = {isa = PBXBuildFile; fileRef = AF30F3EC2208E79800CAE5DB /* Assets.xcassets */; };
		AF30F3F02208E79800CAE5DB /* LaunchScreen.storyboard in Resources */ = {isa = PBXBuildFile; fileRef = AF30F3EE2208E79800CAE5DB /* LaunchScreen.storyboard */; };
		AF30F3F82208E7E100CAE5DB /* Post.swift in Sources */ = {isa = PBXBuildFile; fileRef = AF30F3F72208E7E100CAE5DB /* Post.swift */; };
		AF30F3FD2208E99D00CAE5DB /* PostController.swift in Sources */ = {isa = PBXBuildFile; fileRef = AF30F3FC2208E99D00CAE5DB /* PostController.swift */; };
/* End PBXBuildFile section */

/* Begin PBXFileReference section */
		AF30F3E22208E79700CAE5DB /* Post.app */ = {isa = PBXFileReference; explicitFileType = wrapper.application; includeInIndex = 0; path = Post.app; sourceTree = BUILT_PRODUCTS_DIR; };
		AF30F3E52208E79700CAE5DB /* AppDelegate.swift */ = {isa = PBXFileReference; lastKnownFileType = sourcecode.swift; path = AppDelegate.swift; sourceTree = "<group>"; };
		AF30F3EA2208E79700CAE5DB /* Base */ = {isa = PBXFileReference; lastKnownFileType = file.storyboard; name = Base; path = Base.lproj/Main.storyboard; sourceTree = "<group>"; };
		AF30F3EC2208E79800CAE5DB /* Assets.xcassets */ = {isa = PBXFileReference; lastKnownFileType = folder.assetcatalog; path = Assets.xcassets; sourceTree = "<group>"; };
		AF30F3EF2208E79800CAE5DB /* Base */ = {isa = PBXFileReference; lastKnownFileType = file.storyboard; name = Base; path = Base.lproj/LaunchScreen.storyboard; sourceTree = "<group>"; };
		AF30F3F12208E79800CAE5DB /* Info.plist */ = {isa = PBXFileReference; lastKnownFileType = text.plist.xml; path = Info.plist; sourceTree = "<group>"; };
		AF30F3F72208E7E100CAE5DB /* Post.swift */ = {isa = PBXFileReference; lastKnownFileType = sourcecode.swift; path = Post.swift; sourceTree = "<group>"; };
		AF30F3FC2208E99D00CAE5DB /* PostController.swift */ = {isa = PBXFileReference; lastKnownFileType = sourcecode.swift; path = PostController.swift; sourceTree = "<group>"; };
/* End PBXFileReference section */

/* Begin PBXFrameworksBuildPhase section */
		AF30F3DF2208E79700CAE5DB /* Frameworks */ = {
			isa = PBXFrameworksBuildPhase;
			buildActionMask = 2147483647;
			files = (
			);
			runOnlyForDeploymentPostprocessing = 0;
		};
/* End PBXFrameworksBuildPhase section */

/* Begin PBXGroup section */
		AF30F3D92208E79700CAE5DB = {
			isa = PBXGroup;
			children = (
				AF30F3E42208E79700CAE5DB /* Post */,
				AF30F3E32208E79700CAE5DB /* Products */,
			);
			sourceTree = "<group>";
		};
		AF30F3E32208E79700CAE5DB /* Products */ = {
			isa = PBXGroup;
			children = (
				AF30F3E22208E79700CAE5DB /* Post.app */,
			);
			name = Products;
			sourceTree = "<group>";
		};
		AF30F3E42208E79700CAE5DB /* Post */ = {
			isa = PBXGroup;
			children = (
				AF30F3E52208E79700CAE5DB /* AppDelegate.swift */,
				AF30F3F92208E96D00CAE5DB /* Model */,
				AF30F3FE2208E9A300CAE5DB /* Model Controllers */,
				AF30F3FA2208E97400CAE5DB /* Stroyboards */,
				AF30F3FB2208E98300CAE5DB /* Resources */,
			);
			path = Post;
			sourceTree = "<group>";
		};
		AF30F3F92208E96D00CAE5DB /* Model */ = {
			isa = PBXGroup;
			children = (
				AF30F3F72208E7E100CAE5DB /* Post.swift */,
			);
			path = Model;
			sourceTree = "<group>";
		};
		AF30F3FA2208E97400CAE5DB /* Stroyboards */ = {
			isa = PBXGroup;
			children = (
				AF30F3E92208E79700CAE5DB /* Main.storyboard */,
				AF30F3EE2208E79800CAE5DB /* LaunchScreen.storyboard */,
			);
			path = Stroyboards;
			sourceTree = "<group>";
		};
		AF30F3FB2208E98300CAE5DB /* Resources */ = {
			isa = PBXGroup;
			children = (
				AF30F3EC2208E79800CAE5DB /* Assets.xcassets */,
				AF30F3F12208E79800CAE5DB /* Info.plist */,
			);
			path = Resources;
			sourceTree = "<group>";
		};
		AF30F3FE2208E9A300CAE5DB /* Model Controllers */ = {
			isa = PBXGroup;
			children = (
				AF30F3FC2208E99D00CAE5DB /* PostController.swift */,
			);
			path = "Model Controllers";
			sourceTree = "<group>";
		};
/* End PBXGroup section */

/* Begin PBXNativeTarget section */
		AF30F3E12208E79700CAE5DB /* Post */ = {
			isa = PBXNativeTarget;
			buildConfigurationList = AF30F3F42208E79800CAE5DB /* Build configuration list for PBXNativeTarget "Post" */;
			buildPhases = (
				AF30F3DE2208E79700CAE5DB /* Sources */,
				AF30F3DF2208E79700CAE5DB /* Frameworks */,
				AF30F3E02208E79700CAE5DB /* Resources */,
			);
			buildRules = (
			);
			dependencies = (
			);
			name = Post;
			productName = Post;
			productReference = AF30F3E22208E79700CAE5DB /* Post.app */;
			productType = "com.apple.product-type.application";
		};
/* End PBXNativeTarget section */

/* Begin PBXProject section */
		AF30F3DA2208E79700CAE5DB /* Project object */ = {
			isa = PBXProject;
			attributes = {
				LastSwiftUpdateCheck = 1010;
				LastUpgradeCheck = 1010;
				ORGANIZATIONNAME = "Hannah Hoff";
				TargetAttributes = {
					AF30F3E12208E79700CAE5DB = {
						CreatedOnToolsVersion = 10.1;
					};
				};
			};
			buildConfigurationList = AF30F3DD2208E79700CAE5DB /* Build configuration list for PBXProject "Post" */;
			compatibilityVersion = "Xcode 9.3";
			developmentRegion = en;
			hasScannedForEncodings = 0;
			knownRegions = (
				en,
				Base,
			);
			mainGroup = AF30F3D92208E79700CAE5DB;
			productRefGroup = AF30F3E32208E79700CAE5DB /* Products */;
			projectDirPath = "";
			projectRoot = "";
			targets = (
				AF30F3E12208E79700CAE5DB /* Post */,
			);
		};
/* End PBXProject section */

/* Begin PBXResourcesBuildPhase section */
		AF30F3E02208E79700CAE5DB /* Resources */ = {
			isa = PBXResourcesBuildPhase;
			buildActionMask = 2147483647;
			files = (
				AF30F3F02208E79800CAE5DB /* LaunchScreen.storyboard in Resources */,
				AF30F3ED2208E79800CAE5DB /* Assets.xcassets in Resources */,
				AF30F3EB2208E79700CAE5DB /* Main.storyboard in Resources */,
			);
			runOnlyForDeploymentPostprocessing = 0;
		};
/* End PBXResourcesBuildPhase section */

/* Begin PBXSourcesBuildPhase section */
		AF30F3DE2208E79700CAE5DB /* Sources */ = {
			isa = PBXSourcesBuildPhase;
			buildActionMask = 2147483647;
			files = (
				AF30F3E62208E79700CAE5DB /* AppDelegate.swift in Sources */,
				AF30F3F82208E7E100CAE5DB /* Post.swift in Sources */,
				AF30F3FD2208E99D00CAE5DB /* PostController.swift in Sources */,
			);
			runOnlyForDeploymentPostprocessing = 0;
		};
/* End PBXSourcesBuildPhase section */

/* Begin PBXVariantGroup section */
		AF30F3E92208E79700CAE5DB /* Main.storyboard */ = {
			isa = PBXVariantGroup;
			children = (
				AF30F3EA2208E79700CAE5DB /* Base */,
			);
			name = Main.storyboard;
			sourceTree = "<group>";
		};
		AF30F3EE2208E79800CAE5DB /* LaunchScreen.storyboard */ = {
			isa = PBXVariantGroup;
			children = (
				AF30F3EF2208E79800CAE5DB /* Base */,
			);
			name = LaunchScreen.storyboard;
			sourceTree = "<group>";
		};
/* End PBXVariantGroup section */

/* Begin XCBuildConfiguration section */
		AF30F3F22208E79800CAE5DB /* Debug */ = {
			isa = XCBuildConfiguration;
			buildSettings = {
				ALWAYS_SEARCH_USER_PATHS = NO;
				CLANG_ANALYZER_NONNULL = YES;
				CLANG_ANALYZER_NUMBER_OBJECT_CONVERSION = YES_AGGRESSIVE;
				CLANG_CXX_LANGUAGE_STANDARD = "gnu++14";
				CLANG_CXX_LIBRARY = "libc++";
				CLANG_ENABLE_MODULES = YES;
				CLANG_ENABLE_OBJC_ARC = YES;
				CLANG_ENABLE_OBJC_WEAK = YES;
				CLANG_WARN_BLOCK_CAPTURE_AUTORELEASING = YES;
				CLANG_WARN_BOOL_CONVERSION = YES;
				CLANG_WARN_COMMA = YES;
				CLANG_WARN_CONSTANT_CONVERSION = YES;
				CLANG_WARN_DEPRECATED_OBJC_IMPLEMENTATIONS = YES;
				CLANG_WARN_DIRECT_OBJC_ISA_USAGE = YES_ERROR;
				CLANG_WARN_DOCUMENTATION_COMMENTS = YES;
				CLANG_WARN_EMPTY_BODY = YES;
				CLANG_WARN_ENUM_CONVERSION = YES;
				CLANG_WARN_INFINITE_RECURSION = YES;
				CLANG_WARN_INT_CONVERSION = YES;
				CLANG_WARN_NON_LITERAL_NULL_CONVERSION = YES;
				CLANG_WARN_OBJC_IMPLICIT_RETAIN_SELF = YES;
				CLANG_WARN_OBJC_LITERAL_CONVERSION = YES;
				CLANG_WARN_OBJC_ROOT_CLASS = YES_ERROR;
				CLANG_WARN_RANGE_LOOP_ANALYSIS = YES;
				CLANG_WARN_STRICT_PROTOTYPES = YES;
				CLANG_WARN_SUSPICIOUS_MOVE = YES;
				CLANG_WARN_UNGUARDED_AVAILABILITY = YES_AGGRESSIVE;
				CLANG_WARN_UNREACHABLE_CODE = YES;
				CLANG_WARN__DUPLICATE_METHOD_MATCH = YES;
				CODE_SIGN_IDENTITY = "iPhone Developer";
				COPY_PHASE_STRIP = NO;
				DEBUG_INFORMATION_FORMAT = dwarf;
				ENABLE_STRICT_OBJC_MSGSEND = YES;
				ENABLE_TESTABILITY = YES;
				GCC_C_LANGUAGE_STANDARD = gnu11;
				GCC_DYNAMIC_NO_PIC = NO;
				GCC_NO_COMMON_BLOCKS = YES;
				GCC_OPTIMIZATION_LEVEL = 0;
				GCC_PREPROCESSOR_DEFINITIONS = (
					"DEBUG=1",
					"$(inherited)",
				);
				GCC_WARN_64_TO_32_BIT_CONVERSION = YES;
				GCC_WARN_ABOUT_RETURN_TYPE = YES_ERROR;
				GCC_WARN_UNDECLARED_SELECTOR = YES;
				GCC_WARN_UNINITIALIZED_AUTOS = YES_AGGRESSIVE;
				GCC_WARN_UNUSED_FUNCTION = YES;
				GCC_WARN_UNUSED_VARIABLE = YES;
				IPHONEOS_DEPLOYMENT_TARGET = 12.1;
				MTL_ENABLE_DEBUG_INFO = INCLUDE_SOURCE;
				MTL_FAST_MATH = YES;
				ONLY_ACTIVE_ARCH = YES;
				SDKROOT = iphoneos;
				SWIFT_ACTIVE_COMPILATION_CONDITIONS = DEBUG;
				SWIFT_OPTIMIZATION_LEVEL = "-Onone";
			};
			name = Debug;
		};
		AF30F3F32208E79800CAE5DB /* Release */ = {
			isa = XCBuildConfiguration;
			buildSettings = {
				ALWAYS_SEARCH_USER_PATHS = NO;
				CLANG_ANALYZER_NONNULL = YES;
				CLANG_ANALYZER_NUMBER_OBJECT_CONVERSION = YES_AGGRESSIVE;
				CLANG_CXX_LANGUAGE_STANDARD = "gnu++14";
				CLANG_CXX_LIBRARY = "libc++";
				CLANG_ENABLE_MODULES = YES;
				CLANG_ENABLE_OBJC_ARC = YES;
				CLANG_ENABLE_OBJC_WEAK = YES;
				CLANG_WARN_BLOCK_CAPTURE_AUTORELEASING = YES;
				CLANG_WARN_BOOL_CONVERSION = YES;
				CLANG_WARN_COMMA = YES;
				CLANG_WARN_CONSTANT_CONVERSION = YES;
				CLANG_WARN_DEPRECATED_OBJC_IMPLEMENTATIONS = YES;
				CLANG_WARN_DIRECT_OBJC_ISA_USAGE = YES_ERROR;
				CLANG_WARN_DOCUMENTATION_COMMENTS = YES;
				CLANG_WARN_EMPTY_BODY = YES;
				CLANG_WARN_ENUM_CONVERSION = YES;
				CLANG_WARN_INFINITE_RECURSION = YES;
				CLANG_WARN_INT_CONVERSION = YES;
				CLANG_WARN_NON_LITERAL_NULL_CONVERSION = YES;
				CLANG_WARN_OBJC_IMPLICIT_RETAIN_SELF = YES;
				CLANG_WARN_OBJC_LITERAL_CONVERSION = YES;
				CLANG_WARN_OBJC_ROOT_CLASS = YES_ERROR;
				CLANG_WARN_RANGE_LOOP_ANALYSIS = YES;
				CLANG_WARN_STRICT_PROTOTYPES = YES;
				CLANG_WARN_SUSPICIOUS_MOVE = YES;
				CLANG_WARN_UNGUARDED_AVAILABILITY = YES_AGGRESSIVE;
				CLANG_WARN_UNREACHABLE_CODE = YES;
				CLANG_WARN__DUPLICATE_METHOD_MATCH = YES;
				CODE_SIGN_IDENTITY = "iPhone Developer";
				COPY_PHASE_STRIP = NO;
				DEBUG_INFORMATION_FORMAT = "dwarf-with-dsym";
				ENABLE_NS_ASSERTIONS = NO;
				ENABLE_STRICT_OBJC_MSGSEND = YES;
				GCC_C_LANGUAGE_STANDARD = gnu11;
				GCC_NO_COMMON_BLOCKS = YES;
				GCC_WARN_64_TO_32_BIT_CONVERSION = YES;
				GCC_WARN_ABOUT_RETURN_TYPE = YES_ERROR;
				GCC_WARN_UNDECLARED_SELECTOR = YES;
				GCC_WARN_UNINITIALIZED_AUTOS = YES_AGGRESSIVE;
				GCC_WARN_UNUSED_FUNCTION = YES;
				GCC_WARN_UNUSED_VARIABLE = YES;
				IPHONEOS_DEPLOYMENT_TARGET = 12.1;
				MTL_ENABLE_DEBUG_INFO = NO;
				MTL_FAST_MATH = YES;
				SDKROOT = iphoneos;
				SWIFT_COMPILATION_MODE = wholemodule;
				SWIFT_OPTIMIZATION_LEVEL = "-O";
				VALIDATE_PRODUCT = YES;
			};
			name = Release;
		};
		AF30F3F52208E79800CAE5DB /* Debug */ = {
			isa = XCBuildConfiguration;
			buildSettings = {
				ASSETCATALOG_COMPILER_APPICON_NAME = AppIcon;
				CODE_SIGN_STYLE = Automatic;
				INFOPLIST_FILE = Post/Info.plist;
				LD_RUNPATH_SEARCH_PATHS = (
					"$(inherited)",
					"@executable_path/Frameworks",
				);
				PRODUCT_BUNDLE_IDENTIFIER = com.hannahhoff.Post;
				PRODUCT_NAME = "$(TARGET_NAME)";
				SWIFT_VERSION = 4.2;
				TARGETED_DEVICE_FAMILY = "1,2";
			};
			name = Debug;
		};
		AF30F3F62208E79800CAE5DB /* Release */ = {
			isa = XCBuildConfiguration;
			buildSettings = {
				ASSETCATALOG_COMPILER_APPICON_NAME = AppIcon;
				CODE_SIGN_STYLE = Automatic;
				INFOPLIST_FILE = Post/Info.plist;
				LD_RUNPATH_SEARCH_PATHS = (
					"$(inherited)",
					"@executable_path/Frameworks",
				);
				PRODUCT_BUNDLE_IDENTIFIER = com.hannahhoff.Post;
				PRODUCT_NAME = "$(TARGET_NAME)";
				SWIFT_VERSION = 4.2;
				TARGETED_DEVICE_FAMILY = "1,2";
			};
			name = Release;
		};
/* End XCBuildConfiguration section */

/* Begin XCConfigurationList section */
		AF30F3DD2208E79700CAE5DB /* Build configuration list for PBXProject "Post" */ = {
			isa = XCConfigurationList;
			buildConfigurations = (
				AF30F3F22208E79800CAE5DB /* Debug */,
				AF30F3F32208E79800CAE5DB /* Release */,
			);
			defaultConfigurationIsVisible = 0;
			defaultConfigurationName = Release;
		};
		AF30F3F42208E79800CAE5DB /* Build configuration list for PBXNativeTarget "Post" */ = {
			isa = XCConfigurationList;
			buildConfigurations = (
				AF30F3F52208E79800CAE5DB /* Debug */,
				AF30F3F62208E79800CAE5DB /* Release */,
			);
			defaultConfigurationIsVisible = 0;
			defaultConfigurationName = Release;
		};
/* End XCConfigurationList section */
	};
	rootObject = AF30F3DA2208E79700CAE5DB /* Project object */;
}
